
Microsoft Visual Studio Solution File, Format Version 12.00
# Visual Studio Version 16
VisualStudioVersion = 16.0.33801.447
MinimumVisualStudioVersion = 10.0.40219.1
Project("{FAE04EC0-301F-11D3-BF4B-00C04F79EFBC}") = "gitrepo", "gitrepo\gitrepo.csproj", "{8E1CE3A7-8187-4FE6-842C-45CABA7F4984}"
EndProject
Global
	GlobalSection(SolutionConfigurationPlatforms) = preSolution
		Debug|Any CPU = Debug|Any CPU
		Release|Any CPU = Release|Any CPU
	EndGlobalSection
	GlobalSection(ProjectConfigurationPlatforms) = postSolution
		{8E1CE3A7-8187-4FE6-842C-45CABA7F4984}.Debug|Any CPU.ActiveCfg = Debug|Any CPU
		{8E1CE3A7-8187-4FE6-842C-45CABA7F4984}.Debug|Any CPU.Build.0 = Debug|Any CPU
		{8E1CE3A7-8187-4FE6-842C-45CABA7F4984}.Release|Any CPU.ActiveCfg = Release|Any CPU
		{8E1CE3A7-8187-4FE6-842C-45CABA7F4984}.Release|Any CPU.Build.0 = Release|Any CPU
	EndGlobalSection
	GlobalSection(SolutionProperties) = preSolution
		HideSolutionNode = FALSE
	EndGlobalSection
	GlobalSection(ExtensibilityGlobals) = postSolution
		SolutionGuid = {51406ED9-C8D4-4BA6-A0EF-D89D2F440768}
	EndGlobalSection
EndGlobal
